
Microsoft Visual Studio Solution File, Format Version 12.00
# Visual Studio Version 17
VisualStudioVersion = 17.3.32825.248
MinimumVisualStudioVersion = 10.0.40219.1
Project("{FAE04EC0-301F-11D3-BF4B-00C04F79EFBC}") = "лаб 10", "лаб 10\лаб 10.csproj", "{CD1BB2DF-7161-4BC1-B981-9E88A7833270}"
EndProject
Project("{FAE04EC0-301F-11D3-BF4B-00C04F79EFBC}") = "lab 10(2)", "lab 10(2)\lab 10(2).csproj", "{D4F5CD68-975B-4326-BB80-6944AD835457}"
EndProject
Project("{FAE04EC0-301F-11D3-BF4B-00C04F79EFBC}") = "lab 10(3)", "lab 10(3)\lab 10(3).csproj", "{996B4AB0-1F5F-4029-8E9F-5CA9E66B2B3C}"
EndProject
Project("{FAE04EC0-301F-11D3-BF4B-00C04F79EFBC}") = "lab 10 (6)", "lab 10 (6)\lab 10 (6).csproj", "{64B6A459-2CB0-4AC8-8928-B70ECA8A406E}"
EndProject
Global
	GlobalSection(SolutionConfigurationPlatforms) = preSolution
		Debug|Any CPU = Debug|Any CPU
		Release|Any CPU = Release|Any CPU
	EndGlobalSection
	GlobalSection(ProjectConfigurationPlatforms) = postSolution
		{CD1BB2DF-7161-4BC1-B981-9E88A7833270}.Debug|Any CPU.ActiveCfg = Debug|Any CPU
		{CD1BB2DF-7161-4BC1-B981-9E88A7833270}.Debug|Any CPU.Build.0 = Debug|Any CPU
		{CD1BB2DF-7161-4BC1-B981-9E88A7833270}.Release|Any CPU.ActiveCfg = Release|Any CPU
		{CD1BB2DF-7161-4BC1-B981-9E88A7833270}.Release|Any CPU.Build.0 = Release|Any CPU
		{D4F5CD68-975B-4326-BB80-6944AD835457}.Debug|Any CPU.ActiveCfg = Debug|Any CPU
		{D4F5CD68-975B-4326-BB80-6944AD835457}.Debug|Any CPU.Build.0 = Debug|Any CPU
		{D4F5CD68-975B-4326-BB80-6944AD835457}.Release|Any CPU.ActiveCfg = Release|Any CPU
		{D4F5CD68-975B-4326-BB80-6944AD835457}.Release|Any CPU.Build.0 = Release|Any CPU
		{996B4AB0-1F5F-4029-8E9F-5CA9E66B2B3C}.Debug|Any CPU.ActiveCfg = Debug|Any CPU
		{996B4AB0-1F5F-4029-8E9F-5CA9E66B2B3C}.Debug|Any CPU.Build.0 = Debug|Any CPU
		{996B4AB0-1F5F-4029-8E9F-5CA9E66B2B3C}.Release|Any CPU.ActiveCfg = Release|Any CPU
		{996B4AB0-1F5F-4029-8E9F-5CA9E66B2B3C}.Release|Any CPU.Build.0 = Release|Any CPU
		{64B6A459-2CB0-4AC8-8928-B70ECA8A406E}.Debug|Any CPU.ActiveCfg = Debug|Any CPU
		{64B6A459-2CB0-4AC8-8928-B70ECA8A406E}.Debug|Any CPU.Build.0 = Debug|Any CPU
		{64B6A459-2CB0-4AC8-8928-B70ECA8A406E}.Release|Any CPU.ActiveCfg = Release|Any CPU
		{64B6A459-2CB0-4AC8-8928-B70ECA8A406E}.Release|Any CPU.Build.0 = Release|Any CPU
	EndGlobalSection
	GlobalSection(SolutionProperties) = preSolution
		HideSolutionNode = FALSE
	EndGlobalSection
	GlobalSection(ExtensibilityGlobals) = postSolution
		SolutionGuid = {EF5BDC16-54F8-4E61-BC95-8A8547718F2B}
	EndGlobalSection
EndGlobal
